
Microsoft Visual Studio Solution File, Format Version 12.00
# Visual Studio Version 16
VisualStudioVersion = 16.0.31515.178
MinimumVisualStudioVersion = 10.0.40219.1
Project("{FAE04EC0-301F-11D3-BF4B-00C04F79EFBC}") = "ExperimentWithControls", "ExperimentWithControls\ExperimentWithControls.csproj", "{E021B6CF-3964-4CA8-B6D3-992FFE6096C3}"
EndProject
Global
	GlobalSection(SolutionConfigurationPlatforms) = preSolution
		Debug|Any CPU = Debug|Any CPU
		Release|Any CPU = Release|Any CPU
	EndGlobalSection
	GlobalSection(ProjectConfigurationPlatforms) = postSolution
		{E021B6CF-3964-4CA8-B6D3-992FFE6096C3}.Debug|Any CPU.ActiveCfg = Debug|Any CPU
		{E021B6CF-3964-4CA8-B6D3-992FFE6096C3}.Debug|Any CPU.Build.0 = Debug|Any CPU
		{E021B6CF-3964-4CA8-B6D3-992FFE6096C3}.Release|Any CPU.ActiveCfg = Release|Any CPU
		{E021B6CF-3964-4CA8-B6D3-992FFE6096C3}.Release|Any CPU.Build.0 = Release|Any CPU
	EndGlobalSection
	GlobalSection(SolutionProperties) = preSolution
		HideSolutionNode = FALSE
	EndGlobalSection
	GlobalSection(ExtensibilityGlobals) = postSolution
		SolutionGuid = {39BC20ED-F8B6-49F6-9A9E-9F87458E83D4}
	EndGlobalSection
EndGlobal
